
Microsoft Visual Studio Solution File, Format Version 12.00
# Visual Studio Version 17
VisualStudioVersion = 17.5.002.0
MinimumVisualStudioVersion = 10.0.40219.1
Project("{9A19103F-16F7-4668-BE54-9A1E7A4F7556}") = "csharp-containerized-api", "csharp-containerized-api.csproj", "{519EF7F2-EEA1-4719-8BD5-8E27A472824B}"
EndProject
Global
	GlobalSection(SolutionConfigurationPlatforms) = preSolution
		Debug|Any CPU = Debug|Any CPU
		Release|Any CPU = Release|Any CPU
	EndGlobalSection
	GlobalSection(ProjectConfigurationPlatforms) = postSolution
		{519EF7F2-EEA1-4719-8BD5-8E27A472824B}.Debug|Any CPU.ActiveCfg = Debug|Any CPU
		{519EF7F2-EEA1-4719-8BD5-8E27A472824B}.Debug|Any CPU.Build.0 = Debug|Any CPU
		{519EF7F2-EEA1-4719-8BD5-8E27A472824B}.Release|Any CPU.ActiveCfg = Release|Any CPU
		{519EF7F2-EEA1-4719-8BD5-8E27A472824B}.Release|Any CPU.Build.0 = Release|Any CPU
	EndGlobalSection
	GlobalSection(SolutionProperties) = preSolution
		HideSolutionNode = FALSE
	EndGlobalSection
	GlobalSection(ExtensibilityGlobals) = postSolution
		SolutionGuid = {B68F6EEB-114C-471E-BFE9-2AE04371530F}
	EndGlobalSection
EndGlobal
